
Microsoft Visual Studio Solution File, Format Version 12.00
# Visual Studio Version 17
VisualStudioVersion = 17.13.35825.156 d17.13
MinimumVisualStudioVersion = 10.0.40219.1
Project("{FAE04EC0-301F-11D3-BF4B-00C04F79EFBC}") = "UserManagementApp", "UserManagementApp\UserManagementApp.csproj", "{37001ADA-161B-4F9F-8B62-1C5CD6943A60}"
EndProject
Global
	GlobalSection(SolutionConfigurationPlatforms) = preSolution
		Debug|Any CPU = Debug|Any CPU
		Release|Any CPU = Release|Any CPU
	EndGlobalSection
	GlobalSection(ProjectConfigurationPlatforms) = postSolution
		{37001ADA-161B-4F9F-8B62-1C5CD6943A60}.Debug|Any CPU.ActiveCfg = Debug|Any CPU
		{37001ADA-161B-4F9F-8B62-1C5CD6943A60}.Debug|Any CPU.Build.0 = Debug|Any CPU
		{37001ADA-161B-4F9F-8B62-1C5CD6943A60}.Release|Any CPU.ActiveCfg = Release|Any CPU
		{37001ADA-161B-4F9F-8B62-1C5CD6943A60}.Release|Any CPU.Build.0 = Release|Any CPU
	EndGlobalSection
	GlobalSection(SolutionProperties) = preSolution
		HideSolutionNode = FALSE
	EndGlobalSection
	GlobalSection(ExtensibilityGlobals) = postSolution
		SolutionGuid = {46F84C21-50D5-4A82-9A92-5E6F084B2FA0}
	EndGlobalSection
EndGlobal
